// !$*UTF8*$!
{
	archiveVersion = 1;
	classes = {
	};
	objectVersion = 77;
	objects = {

/* Begin PBXContainerItemProxy section */
		A9522EA92D37F54B00E0661D /* PBXContainerItemProxy */ = {
			isa = PBXContainerItemProxy;
			containerPortal = A9522E8E2D37F54A00E0661D /* Project object */;
			proxyType = 1;
			remoteGlobalIDString = A9522E952D37F54A00E0661D;
			remoteInfo = RecipeMaster;
		};
		A9522EB32D37F54B00E0661D /* PBXContainerItemProxy */ = {
			isa = PBXContainerItemProxy;
			containerPortal = A9522E8E2D37F54A00E0661D /* Project object */;
			proxyType = 1;
			remoteGlobalIDString = A9522E952D37F54A00E0661D;
			remoteInfo = RecipeMaster;
		};
/* End PBXContainerItemProxy section */

/* Begin PBXFileReference section */
		A9522E962D37F54A00E0661D /* RecipeMaster.app */ = {isa = PBXFileReference; explicitFileType = wrapper.application; includeInIndex = 0; path = RecipeMaster.app; sourceTree = BUILT_PRODUCTS_DIR; };
		A9522EA82D37F54B00E0661D /* RecipeMasterTests.xctest */ = {isa = PBXFileReference; explicitFileType = wrapper.cfbundle; includeInIndex = 0; path = RecipeMasterTests.xctest; sourceTree = BUILT_PRODUCTS_DIR; };
		A9522EB22D37F54B00E0661D /* RecipeMasterUITests.xctest */ = {isa = PBXFileReference; explicitFileType = wrapper.cfbundle; includeInIndex = 0; path = RecipeMasterUITests.xctest; sourceTree = BUILT_PRODUCTS_DIR; };
/* End PBXFileReference section */

/* Begin PBXFileSystemSynchronizedRootGroup section */
		A9522E982D37F54A00E0661D /* RecipeMaster */ = {
			isa = PBXFileSystemSynchronizedRootGroup;
			path = RecipeMaster;
			sourceTree = "<group>";
		};
		A9522EAB2D37F54B00E0661D /* RecipeMasterTests */ = {
			isa = PBXFileSystemSynchronizedRootGroup;
			path = RecipeMasterTests;
			sourceTree = "<group>";
		};
		A9522EB52D37F54B00E0661D /* RecipeMasterUITests */ = {
			isa = PBXFileSystemSynchronizedRootGroup;
			path = RecipeMasterUITests;
			sourceTree = "<group>";
		};
/* End PBXFileSystemSynchronizedRootGroup section */

/* Begin PBXFrameworksBuildPhase section */
		A9522E932D37F54A00E0661D /* Frameworks */ = {
			isa = PBXFrameworksBuildPhase;
			buildActionMask = 2147483647;
			files = (
			);
			runOnlyForDeploymentPostprocessing = 0;
		};
		A9522EA52D37F54B00E0661D /* Frameworks */ = {
			isa = PBXFrameworksBuildPhase;
			buildActionMask = 2147483647;
			files = (
			);
			runOnlyForDeploymentPostprocessing = 0;
		};
		A9522EAF2D37F54B00E0661D /* Frameworks */ = {
			isa = PBXFrameworksBuildPhase;
			buildActionMask = 2147483647;
			files = (
			);
			runOnlyForDeploymentPostprocessing = 0;
		};
/* End PBXFrameworksBuildPhase section */

/* Begin PBXGroup section */
		A9522E8D2D37F54A00E0661D = {
			isa = PBXGroup;
			children = (
				A9522E982D37F54A00E0661D /* RecipeMaster */,
				A9522EAB2D37F54B00E0661D /* RecipeMasterTests */,
				A9522EB52D37F54B00E0661D /* RecipeMasterUITests */,
				A9522E972D37F54A00E0661D /* Products */,
			);
			sourceTree = "<group>";
		};
		A9522E972D37F54A00E0661D /* Products */ = {
			isa = PBXGroup;
			children = (
				A9522E962D37F54A00E0661D /* RecipeMaster.app */,
				A9522EA82D37F54B00E0661D /* RecipeMasterTests.xctest */,
				A9522EB22D37F54B00E0661D /* RecipeMasterUITests.xctest */,
			);
			name = Products;
			sourceTree = "<group>";
		};
/* End PBXGroup section */

/* Begin PBXNativeTarget section */
		A9522E952D37F54A00E0661D /* RecipeMaster */ = {
			isa = PBXNativeTarget;
			buildConfigurationList = A9522EBC2D37F54B00E0661D /* Build configuration list for PBXNativeTarget "RecipeMaster" */;
			buildPhases = (
				A9522E922D37F54A00E0661D /* Sources */,
				A9522E932D37F54A00E0661D /* Frameworks */,
				A9522E942D37F54A00E0661D /* Resources */,
			);
			buildRules = (
			);
			dependencies = (
			);
			fileSystemSynchronizedGroups = (
				A9522E982D37F54A00E0661D /* RecipeMaster */,
			);
			name = RecipeMaster;
			packageProductDependencies = (
			);
			productName = RecipeMaster;
			productReference = A9522E962D37F54A00E0661D /* RecipeMaster.app */;
			productType = "com.apple.product-type.application";
		};
		A9522EA72D37F54B00E0661D /* RecipeMasterTests */ = {
			isa = PBXNativeTarget;
			buildConfigurationList = A9522EBF2D37F54B00E0661D /* Build configuration list for PBXNativeTarget "RecipeMasterTests" */;
			buildPhases = (
				A9522EA42D37F54B00E0661D /* Sources */,
				A9522EA52D37F54B00E0661D /* Frameworks */,
				A9522EA62D37F54B00E0661D /* Resources */,
			);
			buildRules = (
			);
			dependencies = (
				A9522EAA2D37F54B00E0661D /* PBXTargetDependency */,
			);
			fileSystemSynchronizedGroups = (
				A9522EAB2D37F54B00E0661D /* RecipeMasterTests */,
			);
			name = RecipeMasterTests;
			packageProductDependencies = (
			);
			productName = RecipeMasterTests;
			productReference = A9522EA82D37F54B00E0661D /* RecipeMasterTests.xctest */;
			productType = "com.apple.product-type.bundle.unit-test";
		};
		A9522EB12D37F54B00E0661D /* RecipeMasterUITests */ = {
			isa = PBXNativeTarget;
			buildConfigurationList = A9522EC22D37F54B00E0661D /* Build configuration list for PBXNativeTarget "RecipeMasterUITests" */;
			buildPhases = (
				A9522EAE2D37F54B00E0661D /* Sources */,
				A9522EAF2D37F54B00E0661D /* Frameworks */,
				A9522EB02D37F54B00E0661D /* Resources */,
			);
			buildRules = (
			);
			dependencies = (
				A9522EB42D37F54B00E0661D /* PBXTargetDependency */,
			);
			fileSystemSynchronizedGroups = (
				A9522EB52D37F54B00E0661D /* RecipeMasterUITests */,
			);
			name = RecipeMasterUITests;
			packageProductDependencies = (
			);
			productName = RecipeMasterUITests;
			productReference = A9522EB22D37F54B00E0661D /* RecipeMasterUITests.xctest */;
			productType = "com.apple.product-type.bundle.ui-testing";
		};
/* End PBXNativeTarget section */

/* Begin PBXProject section */
		A9522E8E2D37F54A00E0661D /* Project object */ = {
			isa = PBXProject;
			attributes = {
				BuildIndependentTargetsInParallel = 1;
				LastSwiftUpdateCheck = 1610;
				LastUpgradeCheck = 1610;
				TargetAttributes = {
					A9522E952D37F54A00E0661D = {
						CreatedOnToolsVersion = 16.1;
					};
					A9522EA72D37F54B00E0661D = {
						CreatedOnToolsVersion = 16.1;
						TestTargetID = A9522E952D37F54A00E0661D;
					};
					A9522EB12D37F54B00E0661D = {
						CreatedOnToolsVersion = 16.1;
						TestTargetID = A9522E952D37F54A00E0661D;
					};
				};
			};
			buildConfigurationList = A9522E912D37F54A00E0661D /* Build configuration list for PBXProject "RecipeMaster" */;
			developmentRegion = en;
			hasScannedForEncodings = 0;
			knownRegions = (
				en,
				Base,
			);
			mainGroup = A9522E8D2D37F54A00E0661D;
			minimizedProjectReferenceProxies = 1;
			preferredProjectObjectVersion = 77;
			productRefGroup = A9522E972D37F54A00E0661D /* Products */;
			projectDirPath = "";
			projectRoot = "";
			targets = (
				A9522E952D37F54A00E0661D /* RecipeMaster */,
				A9522EA72D37F54B00E0661D /* RecipeMasterTests */,
				A9522EB12D37F54B00E0661D /* RecipeMasterUITests */,
			);
		};
/* End PBXProject section */

/* Begin PBXResourcesBuildPhase section */
		A9522E942D37F54A00E0661D /* Resources */ = {
			isa = PBXResourcesBuildPhase;
			buildActionMask = 2147483647;
			files = (
			);
			runOnlyForDeploymentPostprocessing = 0;
		};
		A9522EA62D37F54B00E0661D /* Resources */ = {
			isa = PBXResourcesBuildPhase;
			buildActionMask = 2147483647;
			files = (
			);
			runOnlyForDeploymentPostprocessing = 0;
		};
		A9522EB02D37F54B00E0661D /* Resources */ = {
			isa = PBXResourcesBuildPhase;
			buildActionMask = 2147483647;
			files = (
			);
			runOnlyForDeploymentPostprocessing = 0;
		};
/* End PBXResourcesBuildPhase section */

/* Begin PBXSourcesBuildPhase section */
		A9522E922D37F54A00E0661D /* Sources */ = {
			isa = PBXSourcesBuildPhase;
			buildActionMask = 2147483647;
			files = (
			);
			runOnlyForDeploymentPostprocessing = 0;
		};
		A9522EA42D37F54B00E0661D /* Sources */ = {
			isa = PBXSourcesBuildPhase;
			buildActionMask = 2147483647;
			files = (
			);
			runOnlyForDeploymentPostprocessing = 0;
		};
		A9522EAE2D37F54B00E0661D /* Sources */ = {
			isa = PBXSourcesBuildPhase;
			buildActionMask = 2147483647;
			files = (
			);
			runOnlyForDeploymentPostprocessing = 0;
		};
/* End PBXSourcesBuildPhase section */

/* Begin PBXTargetDependency section */
		A9522EAA2D37F54B00E0661D /* PBXTargetDependency */ = {
			isa = PBXTargetDependency;
			target = A9522E952D37F54A00E0661D /* RecipeMaster */;
			targetProxy = A9522EA92D37F54B00E0661D /* PBXContainerItemProxy */;
		};
		A9522EB42D37F54B00E0661D /* PBXTargetDependency */ = {
			isa = PBXTargetDependency;
			target = A9522E952D37F54A00E0661D /* RecipeMaster */;
			targetProxy = A9522EB32D37F54B00E0661D /* PBXContainerItemProxy */;
		};
/* End PBXTargetDependency section */

/* Begin XCBuildConfiguration section */
		A9522EBA2D37F54B00E0661D /* Debug */ = {
			isa = XCBuildConfiguration;
			buildSettings = {
				ALWAYS_SEARCH_USER_PATHS = NO;
				ASSETCATALOG_COMPILER_GENERATE_SWIFT_ASSET_SYMBOL_EXTENSIONS = YES;
				CLANG_ANALYZER_NONNULL = YES;
				CLANG_ANALYZER_NUMBER_OBJECT_CONVERSION = YES_AGGRESSIVE;
				CLANG_CXX_LANGUAGE_STANDARD = "gnu++20";
				CLANG_ENABLE_MODULES = YES;
				CLANG_ENABLE_OBJC_ARC = YES;
				CLANG_ENABLE_OBJC_WEAK = YES;
				CLANG_WARN_BLOCK_CAPTURE_AUTORELEASING = YES;
				CLANG_WARN_BOOL_CONVERSION = YES;
				CLANG_WARN_COMMA = YES;
				CLANG_WARN_CONSTANT_CONVERSION = YES;
				CLANG_WARN_DEPRECATED_OBJC_IMPLEMENTATIONS = YES;
				CLANG_WARN_DIRECT_OBJC_ISA_USAGE = YES_ERROR;
				CLANG_WARN_DOCUMENTATION_COMMENTS = YES;
				CLANG_WARN_EMPTY_BODY = YES;
				CLANG_WARN_ENUM_CONVERSION = YES;
				CLANG_WARN_INFINITE_RECURSION = YES;
				CLANG_WARN_INT_CONVERSION = YES;
				CLANG_WARN_NON_LITERAL_NULL_CONVERSION = YES;
				CLANG_WARN_OBJC_IMPLICIT_RETAIN_SELF = YES;
				CLANG_WARN_OBJC_LITERAL_CONVERSION = YES;
				CLANG_WARN_OBJC_ROOT_CLASS = YES_ERROR;
				CLANG_WARN_QUOTED_INCLUDE_IN_FRAMEWORK_HEADER = YES;
				CLANG_WARN_RANGE_LOOP_ANALYSIS = YES;
				CLANG_WARN_STRICT_PROTOTYPES = YES;
				CLANG_WARN_SUSPICIOUS_MOVE = YES;
				CLANG_WARN_UNGUARDED_AVAILABILITY = YES_AGGRESSIVE;
				CLANG_WARN_UNREACHABLE_CODE = YES;
				CLANG_WARN__DUPLICATE_METHOD_MATCH = YES;
				COPY_PHASE_STRIP = NO;
				DEBUG_INFORMATION_FORMAT = dwarf;
				ENABLE_STRICT_OBJC_MSGSEND = YES;
				ENABLE_TESTABILITY = YES;
				ENABLE_USER_SCRIPT_SANDBOXING = YES;
				GCC_C_LANGUAGE_STANDARD = gnu17;
				GCC_DYNAMIC_NO_PIC = NO;
				GCC_NO_COMMON_BLOCKS = YES;
				GCC_OPTIMIZATION_LEVEL = 0;
				GCC_PREPROCESSOR_DEFINITIONS = (
					"DEBUG=1",
					"$(inherited)",
				);
				GCC_WARN_64_TO_32_BIT_CONVERSION = YES;
				GCC_WARN_ABOUT_RETURN_TYPE = YES_ERROR;
				GCC_WARN_UNDECLARED_SELECTOR = YES;
				GCC_WARN_UNINITIALIZED_AUTOS = YES_AGGRESSIVE;
				GCC_WARN_UNUSED_FUNCTION = YES;
				GCC_WARN_UNUSED_VARIABLE = YES;
				IPHONEOS_DEPLOYMENT_TARGET = 18.1;
				LOCALIZATION_PREFERS_STRING_CATALOGS = YES;
				MTL_ENABLE_DEBUG_INFO = INCLUDE_SOURCE;
				MTL_FAST_MATH = YES;
				ONLY_ACTIVE_ARCH = YES;
				SDKROOT = iphoneos;
				SWIFT_ACTIVE_COMPILATION_CONDITIONS = "DEBUG $(inherited)";
				SWIFT_OPTIMIZATION_LEVEL = "-Onone";
			};
			name = Debug;
		};
		A9522EBB2D37F54B00E0661D /* Release */ = {
			isa = XCBuildConfiguration;
			buildSettings = {
				ALWAYS_SEARCH_USER_PATHS = NO;
				ASSETCATALOG_COMPILER_GENERATE_SWIFT_ASSET_SYMBOL_EXTENSIONS = YES;
				CLANG_ANALYZER_NONNULL = YES;
				CLANG_ANALYZER_NUMBER_OBJECT_CONVERSION = YES_AGGRESSIVE;
				CLANG_CXX_LANGUAGE_STANDARD = "gnu++20";
				CLANG_ENABLE_MODULES = YES;
				CLANG_ENABLE_OBJC_ARC = YES;
				CLANG_ENABLE_OBJC_WEAK = YES;
				CLANG_WARN_BLOCK_CAPTURE_AUTORELEASING = YES;
				CLANG_WARN_BOOL_CONVERSION = YES;
				CLANG_WARN_COMMA = YES;
				CLANG_WARN_CONSTANT_CONVERSION = YES;
				CLANG_WARN_DEPRECATED_OBJC_IMPLEMENTATIONS = YES;
				CLANG_WARN_DIRECT_OBJC_ISA_USAGE = YES_ERROR;
				CLANG_WARN_DOCUMENTATION_COMMENTS = YES;
				CLANG_WARN_EMPTY_BODY = YES;
				CLANG_WARN_ENUM_CONVERSION = YES;
				CLANG_WARN_INFINITE_RECURSION = YES;
				CLANG_WARN_INT_CONVERSION = YES;
				CLANG_WARN_NON_LITERAL_NULL_CONVERSION = YES;
				CLANG_WARN_OBJC_IMPLICIT_RETAIN_SELF = YES;
				CLANG_WARN_OBJC_LITERAL_CONVERSION = YES;
				CLANG_WARN_OBJC_ROOT_CLASS = YES_ERROR;
				CLANG_WARN_QUOTED_INCLUDE_IN_FRAMEWORK_HEADER = YES;
				CLANG_WARN_RANGE_LOOP_ANALYSIS = YES;
				CLANG_WARN_STRICT_PROTOTYPES = YES;
				CLANG_WARN_SUSPICIOUS_MOVE = YES;
				CLANG_WARN_UNGUARDED_AVAILABILITY = YES_AGGRESSIVE;
				CLANG_WARN_UNREACHABLE_CODE = YES;
				CLANG_WARN__DUPLICATE_METHOD_MATCH = YES;
				COPY_PHASE_STRIP = NO;
				DEBUG_INFORMATION_FORMAT = "dwarf-with-dsym";
				ENABLE_NS_ASSERTIONS = NO;
				ENABLE_STRICT_OBJC_MSGSEND = YES;
				ENABLE_USER_SCRIPT_SANDBOXING = YES;
				GCC_C_LANGUAGE_STANDARD = gnu17;
				GCC_NO_COMMON_BLOCKS = YES;
				GCC_WARN_64_TO_32_BIT_CONVERSION = YES;
				GCC_WARN_ABOUT_RETURN_TYPE = YES_ERROR;
				GCC_WARN_UNDECLARED_SELECTOR = YES;
				GCC_WARN_UNINITIALIZED_AUTOS = YES_AGGRESSIVE;
				GCC_WARN_UNUSED_FUNCTION = YES;
				GCC_WARN_UNUSED_VARIABLE = YES;
				IPHONEOS_DEPLOYMENT_TARGET = 18.1;
				LOCALIZATION_PREFERS_STRING_CATALOGS = YES;
				MTL_ENABLE_DEBUG_INFO = NO;
				MTL_FAST_MATH = YES;
				SDKROOT = iphoneos;
				SWIFT_COMPILATION_MODE = wholemodule;
				VALIDATE_PRODUCT = YES;
			};
			name = Release;
		};
		A9522EBD2D37F54B00E0661D /* Debug */ = {
			isa = XCBuildConfiguration;
			buildSettings = {
				ASSETCATALOG_COMPILER_APPICON_NAME = AppIcon;
				ASSETCATALOG_COMPILER_GLOBAL_ACCENT_COLOR_NAME = AccentColor;
				CODE_SIGN_STYLE = Automatic;
				CURRENT_PROJECT_VERSION = 1;
				DEVELOPMENT_ASSET_PATHS = "\"RecipeMaster/Preview Content\"";
				DEVELOPMENT_TEAM = VTDU3J4Q4G;
				ENABLE_PREVIEWS = YES;
				GENERATE_INFOPLIST_FILE = YES;
				INFOPLIST_KEY_UIApplicationSceneManifest_Generation = YES;
				INFOPLIST_KEY_UIApplicationSupportsIndirectInputEvents = YES;
				INFOPLIST_KEY_UILaunchScreen_Generation = YES;
				INFOPLIST_KEY_UISupportedInterfaceOrientations_iPad = "UIInterfaceOrientationPortrait UIInterfaceOrientationPortraitUpsideDown UIInterfaceOrientationLandscapeLeft UIInterfaceOrientationLandscapeRight";
				INFOPLIST_KEY_UISupportedInterfaceOrientations_iPhone = "UIInterfaceOrientationPortrait UIInterfaceOrientationLandscapeLeft UIInterfaceOrientationLandscapeRight";
				LD_RUNPATH_SEARCH_PATHS = (
					"$(inherited)",
					"@executable_path/Frameworks",
				);
				MARKETING_VERSION = 1.0;
				PRODUCT_BUNDLE_IDENTIFIER = com.themobileentity.RecipeMaster;
				PRODUCT_NAME = "$(TARGET_NAME)";
				SWIFT_EMIT_LOC_STRINGS = YES;
				SWIFT_VERSION = 5.0;
				TARGETED_DEVICE_FAMILY = "1,2";
			};
			name = Debug;
		};
		A9522EBE2D37F54B00E0661D /* Release */ = {
			isa = XCBuildConfiguration;
			buildSettings = {
				ASSETCATALOG_COMPILER_APPICON_NAME = AppIcon;
				ASSETCATALOG_COMPILER_GLOBAL_ACCENT_COLOR_NAME = AccentColor;
				CODE_SIGN_STYLE = Automatic;
				CURRENT_PROJECT_VERSION = 1;
				DEVELOPMENT_ASSET_PATHS = "\"RecipeMaster/Preview Content\"";
				DEVELOPMENT_TEAM = VTDU3J4Q4G;
				ENABLE_PREVIEWS = YES;
				GENERATE_INFOPLIST_FILE = YES;
				INFOPLIST_KEY_UIApplicationSceneManifest_Generation = YES;
				INFOPLIST_KEY_UIApplicationSupportsIndirectInputEvents = YES;
				INFOPLIST_KEY_UILaunchScreen_Generation = YES;
				INFOPLIST_KEY_UISupportedInterfaceOrientations_iPad = "UIInterfaceOrientationPortrait UIInterfaceOrientationPortraitUpsideDown UIInterfaceOrientationLandscapeLeft UIInterfaceOrientationLandscapeRight";
				INFOPLIST_KEY_UISupportedInterfaceOrientations_iPhone = "UIInterfaceOrientationPortrait UIInterfaceOrientationLandscapeLeft UIInterfaceOrientationLandscapeRight";
				LD_RUNPATH_SEARCH_PATHS = (
					"$(inherited)",
					"@executable_path/Frameworks",
				);
				MARKETING_VERSION = 1.0;
				PRODUCT_BUNDLE_IDENTIFIER = com.themobileentity.RecipeMaster;
				PRODUCT_NAME = "$(TARGET_NAME)";
				SWIFT_EMIT_LOC_STRINGS = YES;
				SWIFT_VERSION = 5.0;
				TARGETED_DEVICE_FAMILY = "1,2";
			};
			name = Release;
		};
		A9522EC02D37F54B00E0661D /* Debug */ = {
			isa = XCBuildConfiguration;
			buildSettings = {
				BUNDLE_LOADER = "$(TEST_HOST)";
				CODE_SIGN_STYLE = Automatic;
				CURRENT_PROJECT_VERSION = 1;
				DEVELOPMENT_TEAM = VTDU3J4Q4G;
				GENERATE_INFOPLIST_FILE = YES;
				IPHONEOS_DEPLOYMENT_TARGET = 18.1;
				MARKETING_VERSION = 1.0;
				PRODUCT_BUNDLE_IDENTIFIER = com.themobileentity.RecipeMasterTests;
				PRODUCT_NAME = "$(TARGET_NAME)";
				SWIFT_EMIT_LOC_STRINGS = NO;
				SWIFT_VERSION = 5.0;
				TARGETED_DEVICE_FAMILY = "1,2";
				TEST_HOST = "$(BUILT_PRODUCTS_DIR)/RecipeMaster.app/$(BUNDLE_EXECUTABLE_FOLDER_PATH)/RecipeMaster";
			};
			name = Debug;
		};
		A9522EC12D37F54B00E0661D /* Release */ = {
			isa = XCBuildConfiguration;
			buildSettings = {
				BUNDLE_LOADER = "$(TEST_HOST)";
				CODE_SIGN_STYLE = Automatic;
				CURRENT_PROJECT_VERSION = 1;
				DEVELOPMENT_TEAM = VTDU3J4Q4G;
				GENERATE_INFOPLIST_FILE = YES;
				IPHONEOS_DEPLOYMENT_TARGET = 18.1;
				MARKETING_VERSION = 1.0;
				PRODUCT_BUNDLE_IDENTIFIER = com.themobileentity.RecipeMasterTests;
				PRODUCT_NAME = "$(TARGET_NAME)";
				SWIFT_EMIT_LOC_STRINGS = NO;
				SWIFT_VERSION = 5.0;
				TARGETED_DEVICE_FAMILY = "1,2";
				TEST_HOST = "$(BUILT_PRODUCTS_DIR)/RecipeMaster.app/$(BUNDLE_EXECUTABLE_FOLDER_PATH)/RecipeMaster";
			};
			name = Release;
		};
		A9522EC32D37F54B00E0661D /* Debug */ = {
			isa = XCBuildConfiguration;
			buildSettings = {
				CODE_SIGN_STYLE = Automatic;
				CURRENT_PROJECT_VERSION = 1;
				DEVELOPMENT_TEAM = VTDU3J4Q4G;
				GENERATE_INFOPLIST_FILE = YES;
				MARKETING_VERSION = 1.0;
				PRODUCT_BUNDLE_IDENTIFIER = com.themobileentity.RecipeMasterUITests;
				PRODUCT_NAME = "$(TARGET_NAME)";
				SWIFT_EMIT_LOC_STRINGS = NO;
				SWIFT_VERSION = 5.0;
				TARGETED_DEVICE_FAMILY = "1,2";
				TEST_TARGET_NAME = RecipeMaster;
			};
			name = Debug;
		};
		A9522EC42D37F54B00E0661D /* Release */ = {
			isa = XCBuildConfiguration;
			buildSettings = {
				CODE_SIGN_STYLE = Automatic;
				CURRENT_PROJECT_VERSION = 1;
				DEVELOPMENT_TEAM = VTDU3J4Q4G;
				GENERATE_INFOPLIST_FILE = YES;
				MARKETING_VERSION = 1.0;
				PRODUCT_BUNDLE_IDENTIFIER = com.themobileentity.RecipeMasterUITests;
				PRODUCT_NAME = "$(TARGET_NAME)";
				SWIFT_EMIT_LOC_STRINGS = NO;
				SWIFT_VERSION = 5.0;
				TARGETED_DEVICE_FAMILY = "1,2";
				TEST_TARGET_NAME = RecipeMaster;
			};
			name = Release;
		};
/* End XCBuildConfiguration section */

/* Begin XCConfigurationList section */
		A9522E912D37F54A00E0661D /* Build configuration list for PBXProject "RecipeMaster" */ = {
			isa = XCConfigurationList;
			buildConfigurations = (
				A9522EBA2D37F54B00E0661D /* Debug */,
				A9522EBB2D37F54B00E0661D /* Release */,
			);
			defaultConfigurationIsVisible = 0;
			defaultConfigurationName = Release;
		};
		A9522EBC2D37F54B00E0661D /* Build configuration list for PBXNativeTarget "RecipeMaster" */ = {
			isa = XCConfigurationList;
			buildConfigurations = (
				A9522EBD2D37F54B00E0661D /* Debug */,
				A9522EBE2D37F54B00E0661D /* Release */,
			);
			defaultConfigurationIsVisible = 0;
			defaultConfigurationName = Release;
		};
		A9522EBF2D37F54B00E0661D /* Build configuration list for PBXNativeTarget "RecipeMasterTests" */ = {
			isa = XCConfigurationList;
			buildConfigurations = (
				A9522EC02D37F54B00E0661D /* Debug */,
				A9522EC12D37F54B00E0661D /* Release */,
			);
			defaultConfigurationIsVisible = 0;
			defaultConfigurationName = Release;
		};
		A9522EC22D37F54B00E0661D /* Build configuration list for PBXNativeTarget "RecipeMasterUITests" */ = {
			isa = XCConfigurationList;
			buildConfigurations = (
				A9522EC32D37F54B00E0661D /* Debug */,
				A9522EC42D37F54B00E0661D /* Release */,
			);
			defaultConfigurationIsVisible = 0;
			defaultConfigurationName = Release;
		};
/* End XCConfigurationList section */
	};
	rootObject = A9522E8E2D37F54A00E0661D /* Project object */;
}
